github.com/google/uuid v1.6.0 h1:NIvaJDMOsjHA8n1jAhLSgzrAzy1Hgr+hNrb57e+94F0=
github.com/google/uuid v1.6.0/go.mod h1:TIyPZe4MgqvfeYDBFedMoGGpEw/LqOeaOT+nhxU+yHo=
github.com/seannyphoenix/binarytime v0.0.0-20260627204610-6ed1178cc991 h1:LZg8ek5/Qlrwpeex+xGjQPJ0mciz1AyKAg15EplpfXM=
github.com/seannyphoenix/binarytime v0.0.0-20260627204610-6ed1178cc991/go.mod h1:2ICZK6Ge8iUm4qmmAv3xPSWIMqRq+twtX+pr+UTsIq0=
